
Microsoft Visual Studio Solution File, Format Version 12.00
# Visual Studio Version 17
VisualStudioVersion = 17.1.32319.34
MinimumVisualStudioVersion = 10.0.40219.1
Project("{FAE04EC0-301F-11D3-BF4B-00C04F79EFBC}") = "unip_pim_iv_desktop", "unip_pim_iv_desktop.csproj", "{CE562F09-A733-4A6E-83F4-69DD6A07926B}"
EndProject
Global
	GlobalSection(SolutionConfigurationPlatforms) = preSolution
		Debug|Any CPU = Debug|Any CPU
		Release|Any CPU = Release|Any CPU
	EndGlobalSection
	GlobalSection(ProjectConfigurationPlatforms) = postSolution
		{CE562F09-A733-4A6E-83F4-69DD6A07926B}.Debug|Any CPU.ActiveCfg = Debug|Any CPU
		{CE562F09-A733-4A6E-83F4-69DD6A07926B}.Debug|Any CPU.Build.0 = Debug|Any CPU
		{CE562F09-A733-4A6E-83F4-69DD6A07926B}.Release|Any CPU.ActiveCfg = Release|Any CPU
		{CE562F09-A733-4A6E-83F4-69DD6A07926B}.Release|Any CPU.Build.0 = Release|Any CPU
	EndGlobalSection
	GlobalSection(SolutionProperties) = preSolution
		HideSolutionNode = FALSE
	EndGlobalSection
	GlobalSection(ExtensibilityGlobals) = postSolution
		SolutionGuid = {DEBCDD0D-6397-4380-AAA7-27AEC52FE07B}
	EndGlobalSection
EndGlobal
